// !$*UTF8*$!
{
	archiveVersion = 1;
	classes = {
	};
	objectVersion = 46;
	objects = {

/* Begin PBXBuildFile section */
		0B340053F16E3169C9D48100 /* libPods-ThinningCoordinator.a in Frameworks */ = {isa = PBXBuildFile; fileRef = 2389C779992C53EC63EAD97A /* libPods-ThinningCoordinator.a */; };
		4650F5071C50EFDB00A8AEDA /* TableViewHeaderFooterView.m in Sources */ = {isa = PBXBuildFile; fileRef = 4650F5061C50EFDB00A8AEDA /* TableViewHeaderFooterView.m */; };
		46997CAB1C4FA8F600D30602 /* main.m in Sources */ = {isa = PBXBuildFile; fileRef = 46997CAA1C4FA8F600D30602 /* main.m */; };
		46997CAE1C4FA8F600D30602 /* AppDelegate.m in Sources */ = {isa = PBXBuildFile; fileRef = 46997CAD1C4FA8F600D30602 /* AppDelegate.m */; };
		46997CB11C4FA8F600D30602 /* TableViewSampleViewController.m in Sources */ = {isa = PBXBuildFile; fileRef = 46997CB01C4FA8F600D30602 /* TableViewSampleViewController.m */; };
		46997CB41C4FA8F600D30602 /* Main.storyboard in Resources */ = {isa = PBXBuildFile; fileRef = 46997CB21C4FA8F600D30602 /* Main.storyboard */; };
		46997CB61C4FA8F600D30602 /* Assets.xcassets in Resources */ = {isa = PBXBuildFile; fileRef = 46997CB51C4FA8F600D30602 /* Assets.xcassets */; };
		46997CB91C4FA8F600D30602 /* LaunchScreen.storyboard in Resources */ = {isa = PBXBuildFile; fileRef = 46997CB71C4FA8F600D30602 /* LaunchScreen.storyboard */; };
		46997CD11C4FA9A100D30602 /* TCDataSource.m in Sources */ = {isa = PBXBuildFile; fileRef = 46997CC51C4FA9A100D30602 /* TCDataSource.m */; };
		46997CD21C4FA9A100D30602 /* TCDelegate.m in Sources */ = {isa = PBXBuildFile; fileRef = 46997CC91C4FA9A100D30602 /* TCDelegate.m */; };
		46997CD31C4FA9A100D30602 /* TCGlobalDataMetric.m in Sources */ = {isa = PBXBuildFile; fileRef = 46997CCB1C4FA9A100D30602 /* TCGlobalDataMetric.m */; };
		46997CD41C4FA9A100D30602 /* TCHelper.m in Sources */ = {isa = PBXBuildFile; fileRef = 46997CCD1C4FA9A100D30602 /* TCHelper.m */; };
		46997CD51C4FA9A100D30602 /* TCSectionDataMetric.m in Sources */ = {isa = PBXBuildFile; fileRef = 46997CCF1C4FA9A100D30602 /* TCSectionDataMetric.m */; };
		46EF52DB1C50FB1F00E3117E /* CollectionViewDataSource.m in Sources */ = {isa = PBXBuildFile; fileRef = 46EF52DA1C50FB1F00E3117E /* CollectionViewDataSource.m */; };
		46EF52DE1C50FB2C00E3117E /* CollectionViewDelegate.m in Sources */ = {isa = PBXBuildFile; fileRef = 46EF52DD1C50FB2C00E3117E /* CollectionViewDelegate.m */; };
		46EF52E11C50FB4000E3117E /* CollectionViewHeaderFooterView.m in Sources */ = {isa = PBXBuildFile; fileRef = 46EF52E01C50FB4000E3117E /* CollectionViewHeaderFooterView.m */; };
		46EF52E41C50FB4D00E3117E /* CollectionViewCell.m in Sources */ = {isa = PBXBuildFile; fileRef = 46EF52E31C50FB4D00E3117E /* CollectionViewCell.m */; };
		46EF52E71C50FED800E3117E /* Text.m in Sources */ = {isa = PBXBuildFile; fileRef = 46EF52E61C50FED800E3117E /* Text.m */; };
		46EF52EA1C51116A00E3117E /* CollectionViewFlowLayout.m in Sources */ = {isa = PBXBuildFile; fileRef = 46EF52E91C51116A00E3117E /* CollectionViewFlowLayout.m */; };
		46F2E7A91C507B21005D6CD6 /* ResuableView+TCExtension.m in Sources */ = {isa = PBXBuildFile; fileRef = 46F2E7A81C507B21005D6CD6 /* ResuableView+TCExtension.m */; };
		46F2E7AE1C50AAE8005D6CD6 /* CollectionViewSampleViewController.m in Sources */ = {isa = PBXBuildFile; fileRef = 46F2E7AD1C50AAE8005D6CD6 /* CollectionViewSampleViewController.m */; };
		46F2E7B11C50ABC6005D6CD6 /* TableViewCell.m in Sources */ = {isa = PBXBuildFile; fileRef = 46F2E7B01C50ABC6005D6CD6 /* TableViewCell.m */; };
		46F2E7B41C50ACF6005D6CD6 /* TableViewDataSource.m in Sources */ = {isa = PBXBuildFile; fileRef = 46F2E7B31C50ACF6005D6CD6 /* TableViewDataSource.m */; };
		46F2E7B71C50AD0A005D6CD6 /* TableViewDelegate.m in Sources */ = {isa = PBXBuildFile; fileRef = 46F2E7B61C50AD0A005D6CD6 /* TableViewDelegate.m */; };
		46F2E7BA1C50ADAF005D6CD6 /* NSObject+TCIdentifier.m in Sources */ = {isa = PBXBuildFile; fileRef = 46F2E7B91C50ADAF005D6CD6 /* NSObject+TCIdentifier.m */; };
		46F2E7BD1C50B6B6005D6CD6 /* TCDefaultSupplementaryView.m in Sources */ = {isa = PBXBuildFile; fileRef = 46F2E7BC1C50B6B6005D6CD6 /* TCDefaultSupplementaryView.m */; };
/* End PBXBuildFile section */

/* Begin PBXFileReference section */
		2389C779992C53EC63EAD97A /* libPods-ThinningCoordinator.a */ = {isa = PBXFileReference; explicitFileType = archive.ar; includeInIndex = 0; path = "libPods-ThinningCoordinator.a"; sourceTree = BUILT_PRODUCTS_DIR; };
		31D0170246E3E7CDE396F687 /* Pods-ThinningCoordinator.debug.xcconfig */ = {isa = PBXFileReference; includeInIndex = 1; lastKnownFileType = text.xcconfig; name = "Pods-ThinningCoordinator.debug.xcconfig"; path = "Pods/Target Support Files/Pods-ThinningCoordinator/Pods-ThinningCoordinator.debug.xcconfig"; sourceTree = "<group>"; };
		43A175BC8BA456AB577100C9 /* Pods-ThinningCoordinator.release.xcconfig */ = {isa = PBXFileReference; includeInIndex = 1; lastKnownFileType = text.xcconfig; name = "Pods-ThinningCoordinator.release.xcconfig"; path = "Pods/Target Support Files/Pods-ThinningCoordinator/Pods-ThinningCoordinator.release.xcconfig"; sourceTree = "<group>"; };
		4650F5051C50EFDB00A8AEDA /* TableViewHeaderFooterView.h */ = {isa = PBXFileReference; fileEncoding = 4; lastKnownFileType = sourcecode.c.h; path = TableViewHeaderFooterView.h; sourceTree = "<group>"; };
		4650F5061C50EFDB00A8AEDA /* TableViewHeaderFooterView.m */ = {isa = PBXFileReference; fileEncoding = 4; lastKnownFileType = sourcecode.c.objc; path = TableViewHeaderFooterView.m; sourceTree = "<group>"; };
		46997CA61C4FA8F600D30602 /* ThinningCoordinator.app */ = {isa = PBXFileReference; explicitFileType = wrapper.application; includeInIndex = 0; path = ThinningCoordinator.app; sourceTree = BUILT_PRODUCTS_DIR; };
		46997CAA1C4FA8F600D30602 /* main.m */ = {isa = PBXFileReference; lastKnownFileType = sourcecode.c.objc; path = main.m; sourceTree = "<group>"; };
		46997CAC1C4FA8F600D30602 /* AppDelegate.h */ = {isa = PBXFileReference; lastKnownFileType = sourcecode.c.h; path = AppDelegate.h; sourceTree = "<group>"; };
		46997CAD1C4FA8F600D30602 /* AppDelegate.m */ = {isa = PBXFileReference; lastKnownFileType = sourcecode.c.objc; path = AppDelegate.m; sourceTree = "<group>"; };
		46997CAF1C4FA8F600D30602 /* TableViewSampleViewController.h */ = {isa = PBXFileReference; lastKnownFileType = sourcecode.c.h; path = TableViewSampleViewController.h; sourceTree = "<group>"; };
		46997CB01C4FA8F600D30602 /* TableViewSampleViewController.m */ = {isa = PBXFileReference; lastKnownFileType = sourcecode.c.objc; path = TableViewSampleViewController.m; sourceTree = "<group>"; };
		46997CB31C4FA8F600D30602 /* Base */ = {isa = PBXFileReference; lastKnownFileType = file.storyboard; name = Base; path = Base.lproj/Main.storyboard; sourceTree = "<group>"; };
		46997CB51C4FA8F600D30602 /* Assets.xcassets */ = {isa = PBXFileReference; lastKnownFileType = folder.assetcatalog; path = Assets.xcassets; sourceTree = "<group>"; };
		46997CB81C4FA8F600D30602 /* Base */ = {isa = PBXFileReference; lastKnownFileType = file.storyboard; name = Base; path = Base.lproj/LaunchScreen.storyboard; sourceTree = "<group>"; };
		46997CBA1C4FA8F600D30602 /* Info.plist */ = {isa = PBXFileReference; lastKnownFileType = text.plist.xml; path = Info.plist; sourceTree = "<group>"; };
		46997CC41C4FA9A100D30602 /* TCDataSource.h */ = {isa = PBXFileReference; fileEncoding = 4; lastKnownFileType = sourcecode.c.h; path = TCDataSource.h; sourceTree = "<group>"; };
		46997CC51C4FA9A100D30602 /* TCDataSource.m */ = {isa = PBXFileReference; fileEncoding = 4; lastKnownFileType = sourcecode.c.objc; path = TCDataSource.m; sourceTree = "<group>"; };
		46997CC61C4FA9A100D30602 /* TCDataSource+Private.h */ = {isa = PBXFileReference; fileEncoding = 4; lastKnownFileType = sourcecode.c.h; path = "TCDataSource+Private.h"; sourceTree = "<group>"; };
		46997CC71C4FA9A100D30602 /* TCDataSourceProtocol.h */ = {isa = PBXFileReference; fileEncoding = 4; lastKnownFileType = sourcecode.c.h; path = TCDataSourceProtocol.h; sourceTree = "<group>"; };
		46997CC81C4FA9A100D30602 /* TCDelegate.h */ = {isa = PBXFileReference; fileEncoding = 4; lastKnownFileType = sourcecode.c.h; path = TCDelegate.h; sourceTree = "<group>"; };
		46997CC91C4FA9A100D30602 /* TCDelegate.m */ = {isa = PBXFileReference; fileEncoding = 4; lastKnownFileType = sourcecode.c.objc; path = TCDelegate.m; sourceTree = "<group>"; };
		46997CCA1C4FA9A100D30602 /* TCGlobalDataMetric.h */ = {isa = PBXFileReference; fileEncoding = 4; lastKnownFileType = sourcecode.c.h; path = TCGlobalDataMetric.h; sourceTree = "<group>"; };
		46997CCB1C4FA9A100D30602 /* TCGlobalDataMetric.m */ = {isa = PBXFileReference; fileEncoding = 4; lastKnownFileType = sourcecode.c.objc; path = TCGlobalDataMetric.m; sourceTree = "<group>"; };
		46997CCC1C4FA9A100D30602 /* TCHelper.h */ = {isa = PBXFileReference; fileEncoding = 4; lastKnownFileType = sourcecode.c.h; path = TCHelper.h; sourceTree = "<group>"; };
		46997CCD1C4FA9A100D30602 /* TCHelper.m */ = {isa = PBXFileReference; fileEncoding = 4; lastKnownFileType = sourcecode.c.objc; path = TCHelper.m; sourceTree = "<group>"; };
		46997CCE1C4FA9A100D30602 /* TCSectionDataMetric.h */ = {isa = PBXFileReference; fileEncoding = 4; lastKnownFileType = sourcecode.c.h; path = TCSectionDataMetric.h; sourceTree = "<group>"; };
		46997CCF1C4FA9A100D30602 /* TCSectionDataMetric.m */ = {isa = PBXFileReference; fileEncoding = 4; lastKnownFileType = sourcecode.c.objc; path = TCSectionDataMetric.m; sourceTree = "<group>"; };
		46997CD61C4FA9A900D30602 /* ThinningCoordinator.h */ = {isa = PBXFileReference; fileEncoding = 4; lastKnownFileType = sourcecode.c.h; path = ThinningCoordinator.h; sourceTree = "<group>"; };
		46E9D5DA1C51197100263B8B /* TCGlobalDataMetric+Private.h */ = {isa = PBXFileReference; fileEncoding = 4; lastKnownFileType = sourcecode.c.h; path = "TCGlobalDataMetric+Private.h"; sourceTree = "<group>"; };
		46EF52D91C50FB1F00E3117E /* CollectionViewDataSource.h */ = {isa = PBXFileReference; fileEncoding = 4; lastKnownFileType = sourcecode.c.h; path = CollectionViewDataSource.h; sourceTree = "<group>"; };
		46EF52DA1C50FB1F00E3117E /* CollectionViewDataSource.m */ = {isa = PBXFileReference; fileEncoding = 4; lastKnownFileType = sourcecode.c.objc; path = CollectionViewDataSource.m; sourceTree = "<group>"; };
		46EF52DC1C50FB2C00E3117E /* CollectionViewDelegate.h */ = {isa = PBXFileReference; fileEncoding = 4; lastKnownFileType = sourcecode.c.h; path = CollectionViewDelegate.h; sourceTree = "<group>"; };
		46EF52DD1C50FB2C00E3117E /* CollectionViewDelegate.m */ = {isa = PBXFileReference; fileEncoding = 4; lastKnownFileType = sourcecode.c.objc; path = CollectionViewDelegate.m; sourceTree = "<group>"; };
		46EF52DF1C50FB4000E3117E /* CollectionViewHeaderFooterView.h */ = {isa = PBXFileReference; fileEncoding = 4; lastKnownFileType = sourcecode.c.h; path = CollectionViewHeaderFooterView.h; sourceTree = "<group>"; };
		46EF52E01C50FB4000E3117E /* CollectionViewHeaderFooterView.m */ = {isa = PBXFileReference; fileEncoding = 4; lastKnownFileType = sourcecode.c.objc; path = CollectionViewHeaderFooterView.m; sourceTree = "<group>"; };
		46EF52E21C50FB4D00E3117E /* CollectionViewCell.h */ = {isa = PBXFileReference; fileEncoding = 4; lastKnownFileType = sourcecode.c.h; path = CollectionViewCell.h; sourceTree = "<group>"; };
		46EF52E31C50FB4D00E3117E /* CollectionViewCell.m */ = {isa = PBXFileReference; fileEncoding = 4; lastKnownFileType = sourcecode.c.objc; path = CollectionViewCell.m; sourceTree = "<group>"; };
		46EF52E51C50FED800E3117E /* Text.h */ = {isa = PBXFileReference; fileEncoding = 4; lastKnownFileType = sourcecode.c.h; path = Text.h; sourceTree = "<group>"; };
		46EF52E61C50FED800E3117E /* Text.m */ = {isa = PBXFileReference; fileEncoding = 4; lastKnownFileType = sourcecode.c.objc; path = Text.m; sourceTree = "<group>"; };
		46EF52E81C51116A00E3117E /* CollectionViewFlowLayout.h */ = {isa = PBXFileReference; fileEncoding = 4; lastKnownFileType = sourcecode.c.h; path = CollectionViewFlowLayout.h; sourceTree = "<group>"; };
		46EF52E91C51116A00E3117E /* CollectionViewFlowLayout.m */ = {isa = PBXFileReference; fileEncoding = 4; lastKnownFileType = sourcecode.c.objc; path = CollectionViewFlowLayout.m; sourceTree = "<group>"; };
		46EF52EB1C51148600E3117E /* TCSectionDataMetric+Private.h */ = {isa = PBXFileReference; lastKnownFileType = sourcecode.c.h; path = "TCSectionDataMetric+Private.h"; sourceTree = "<group>"; };
		46F2E7A71C507B21005D6CD6 /* ResuableView+TCExtension.h */ = {isa = PBXFileReference; fileEncoding = 4; lastKnownFileType = sourcecode.c.h; path = "ResuableView+TCExtension.h"; sourceTree = "<group>"; };
		46F2E7A81C507B21005D6CD6 /* ResuableView+TCExtension.m */ = {isa = PBXFileReference; fileEncoding = 4; lastKnownFileType = sourcecode.c.objc; path = "ResuableView+TCExtension.m"; sourceTree = "<group>"; };
		46F2E7AC1C50AAE8005D6CD6 /* CollectionViewSampleViewController.h */ = {isa = PBXFileReference; fileEncoding = 4; lastKnownFileType = sourcecode.c.h; path = CollectionViewSampleViewController.h; sourceTree = "<group>"; };
		46F2E7AD1C50AAE8005D6CD6 /* CollectionViewSampleViewController.m */ = {isa = PBXFileReference; fileEncoding = 4; lastKnownFileType = sourcecode.c.objc; path = CollectionViewSampleViewController.m; sourceTree = "<group>"; };
		46F2E7AF1C50ABC6005D6CD6 /* TableViewCell.h */ = {isa = PBXFileReference; fileEncoding = 4; lastKnownFileType = sourcecode.c.h; path = TableViewCell.h; sourceTree = "<group>"; };
		46F2E7B01C50ABC6005D6CD6 /* TableViewCell.m */ = {isa = PBXFileReference; fileEncoding = 4; lastKnownFileType = sourcecode.c.objc; path = TableViewCell.m; sourceTree = "<group>"; };
		46F2E7B21C50ACF6005D6CD6 /* TableViewDataSource.h */ = {isa = PBXFileReference; fileEncoding = 4; lastKnownFileType = sourcecode.c.h; path = TableViewDataSource.h; sourceTree = "<group>"; };
		46F2E7B31C50ACF6005D6CD6 /* TableViewDataSource.m */ = {isa = PBXFileReference; fileEncoding = 4; lastKnownFileType = sourcecode.c.objc; path = TableViewDataSource.m; sourceTree = "<group>"; };
		46F2E7B51C50AD0A005D6CD6 /* TableViewDelegate.h */ = {isa = PBXFileReference; fileEncoding = 4; lastKnownFileType = sourcecode.c.h; path = TableViewDelegate.h; sourceTree = "<group>"; };
		46F2E7B61C50AD0A005D6CD6 /* TableViewDelegate.m */ = {isa = PBXFileReference; fileEncoding = 4; lastKnownFileType = sourcecode.c.objc; path = TableViewDelegate.m; sourceTree = "<group>"; };
		46F2E7B81C50ADAF005D6CD6 /* NSObject+TCIdentifier.h */ = {isa = PBXFileReference; fileEncoding = 4; lastKnownFileType = sourcecode.c.h; path = "NSObject+TCIdentifier.h"; sourceTree = "<group>"; };
		46F2E7B91C50ADAF005D6CD6 /* NSObject+TCIdentifier.m */ = {isa = PBXFileReference; fileEncoding = 4; lastKnownFileType = sourcecode.c.objc; path = "NSObject+TCIdentifier.m"; sourceTree = "<group>"; };
		46F2E7BB1C50B6B6005D6CD6 /* TCDefaultSupplementaryView.h */ = {isa = PBXFileReference; fileEncoding = 4; lastKnownFileType = sourcecode.c.h; path = TCDefaultSupplementaryView.h; sourceTree = "<group>"; };
		46F2E7BC1C50B6B6005D6CD6 /* TCDefaultSupplementaryView.m */ = {isa = PBXFileReference; fileEncoding = 4; lastKnownFileType = sourcecode.c.objc; path = TCDefaultSupplementaryView.m; sourceTree = "<group>"; };
		46F2E7BE1C50CD7C005D6CD6 /* TCDelegate+Private.h */ = {isa = PBXFileReference; lastKnownFileType = sourcecode.c.h; path = "TCDelegate+Private.h"; sourceTree = "<group>"; };
/* End PBXFileReference section */

/* Begin PBXFrameworksBuildPhase section */
		46997CA31C4FA8F600D30602 /* Frameworks */ = {
			isa = PBXFrameworksBuildPhase;
			buildActionMask = 2147483647;
			files = (
				0B340053F16E3169C9D48100 /* libPods-ThinningCoordinator.a in Frameworks */,
			);
			runOnlyForDeploymentPostprocessing = 0;
		};
/* End PBXFrameworksBuildPhase section */

/* Begin PBXGroup section */
		46997C9D1C4FA8F600D30602 = {
			isa = PBXGroup;
			children = (
				46997CA71C4FA8F600D30602 /* Products */,
				46997CA81C4FA8F600D30602 /* ThinningCoordinator */,
				BBCC719A180331903788BBE9 /* Pods */,
				D37C409D3973CCB56865A965 /* Frameworks */,
			);
			sourceTree = "<group>";
		};
		46997CA71C4FA8F600D30602 /* Products */ = {
			isa = PBXGroup;
			children = (
				46997CA61C4FA8F600D30602 /* ThinningCoordinator.app */,
			);
			name = Products;
			sourceTree = "<group>";
		};
		46997CA81C4FA8F600D30602 /* ThinningCoordinator */ = {
			isa = PBXGroup;
			children = (
				46997CC01C4FA91300D30602 /* Sample */,
				46997CC21C4FA99000D30602 /* Sources */,
			);
			path = ThinningCoordinator;
			sourceTree = "<group>";
		};
		46997CC01C4FA91300D30602 /* Sample */ = {
			isa = PBXGroup;
			children = (
				46997CC11C4FA92300D30602 /* Application */,
				46F2E7AB1C50AAD2005D6CD6 /* CollectionViewSample */,
				46F2E7AA1C50AAB0005D6CD6 /* TableViewSample */,
				46997CB51C4FA8F600D30602 /* Assets.xcassets */,
			);
			path = Sample;
			sourceTree = "<group>";
		};
		46997CC11C4FA92300D30602 /* Application */ = {
			isa = PBXGroup;
			children = (
				46997CAC1C4FA8F600D30602 /* AppDelegate.h */,
				46997CAD1C4FA8F600D30602 /* AppDelegate.m */,
				46997CBA1C4FA8F600D30602 /* Info.plist */,
				46997CB71C4FA8F600D30602 /* LaunchScreen.storyboard */,
				46997CB21C4FA8F600D30602 /* Main.storyboard */,
				46997CAA1C4FA8F600D30602 /* main.m */,
				46EF52E51C50FED800E3117E /* Text.h */,
				46EF52E61C50FED800E3117E /* Text.m */,
			);
			path = Application;
			sourceTree = "<group>";
		};
		46997CC21C4FA99000D30602 /* Sources */ = {
			isa = PBXGroup;
			children = (
				46997CD61C4FA9A900D30602 /* ThinningCoordinator.h */,
				46EF52EB1C51148600E3117E /* TCSectionDataMetric+Private.h */,
				46997CCE1C4FA9A100D30602 /* TCSectionDataMetric.h */,
				46997CCF1C4FA9A100D30602 /* TCSectionDataMetric.m */,
				46E9D5DA1C51197100263B8B /* TCGlobalDataMetric+Private.h */,
				46997CCA1C4FA9A100D30602 /* TCGlobalDataMetric.h */,
				46997CCB1C4FA9A100D30602 /* TCGlobalDataMetric.m */,
				46997CC71C4FA9A100D30602 /* TCDataSourceProtocol.h */,
				46997CC61C4FA9A100D30602 /* TCDataSource+Private.h */,
				46997CC41C4FA9A100D30602 /* TCDataSource.h */,
				46997CC51C4FA9A100D30602 /* TCDataSource.m */,
				46F2E7BE1C50CD7C005D6CD6 /* TCDelegate+Private.h */,
				46997CC81C4FA9A100D30602 /* TCDelegate.h */,
				46997CC91C4FA9A100D30602 /* TCDelegate.m */,
				46997CCC1C4FA9A100D30602 /* TCHelper.h */,
				46997CCD1C4FA9A100D30602 /* TCHelper.m */,
				46F2E7A71C507B21005D6CD6 /* ResuableView+TCExtension.h */,
				46F2E7A81C507B21005D6CD6 /* ResuableView+TCExtension.m */,
				46F2E7B81C50ADAF005D6CD6 /* NSObject+TCIdentifier.h */,
				46F2E7B91C50ADAF005D6CD6 /* NSObject+TCIdentifier.m */,
				46F2E7BB1C50B6B6005D6CD6 /* TCDefaultSupplementaryView.h */,
				46F2E7BC1C50B6B6005D6CD6 /* TCDefaultSupplementaryView.m */,
			);
			path = Sources;
			sourceTree = "<group>";
		};
		46F2E7AA1C50AAB0005D6CD6 /* TableViewSample */ = {
			isa = PBXGroup;
			children = (
				46997CAF1C4FA8F600D30602 /* TableViewSampleViewController.h */,
				46997CB01C4FA8F600D30602 /* TableViewSampleViewController.m */,
				46F2E7B21C50ACF6005D6CD6 /* TableViewDataSource.h */,
				46F2E7B31C50ACF6005D6CD6 /* TableViewDataSource.m */,
				46F2E7B51C50AD0A005D6CD6 /* TableViewDelegate.h */,
				46F2E7B61C50AD0A005D6CD6 /* TableViewDelegate.m */,
				46F2E7AF1C50ABC6005D6CD6 /* TableViewCell.h */,
				46F2E7B01C50ABC6005D6CD6 /* TableViewCell.m */,
				4650F5051C50EFDB00A8AEDA /* TableViewHeaderFooterView.h */,
				4650F5061C50EFDB00A8AEDA /* TableViewHeaderFooterView.m */,
			);
			path = TableViewSample;
			sourceTree = "<group>";
		};
		46F2E7AB1C50AAD2005D6CD6 /* CollectionViewSample */ = {
			isa = PBXGroup;
			children = (
				46F2E7AC1C50AAE8005D6CD6 /* CollectionViewSampleViewController.h */,
				46F2E7AD1C50AAE8005D6CD6 /* CollectionViewSampleViewController.m */,
				46EF52D91C50FB1F00E3117E /* CollectionViewDataSource.h */,
				46EF52DA1C50FB1F00E3117E /* CollectionViewDataSource.m */,
				46EF52DC1C50FB2C00E3117E /* CollectionViewDelegate.h */,
				46EF52DD1C50FB2C00E3117E /* CollectionViewDelegate.m */,
				46EF52E21C50FB4D00E3117E /* CollectionViewCell.h */,
				46EF52E31C50FB4D00E3117E /* CollectionViewCell.m */,
				46EF52DF1C50FB4000E3117E /* CollectionViewHeaderFooterView.h */,
				46EF52E01C50FB4000E3117E /* CollectionViewHeaderFooterView.m */,
				46EF52E81C51116A00E3117E /* CollectionViewFlowLayout.h */,
				46EF52E91C51116A00E3117E /* CollectionViewFlowLayout.m */,
			);
			path = CollectionViewSample;
			sourceTree = "<group>";
		};
		BBCC719A180331903788BBE9 /* Pods */ = {
			isa = PBXGroup;
			children = (
				31D0170246E3E7CDE396F687 /* Pods-ThinningCoordinator.debug.xcconfig */,
				43A175BC8BA456AB577100C9 /* Pods-ThinningCoordinator.release.xcconfig */,
			);
			name = Pods;
			sourceTree = "<group>";
		};
		D37C409D3973CCB56865A965 /* Frameworks */ = {
			isa = PBXGroup;
			children = (
				2389C779992C53EC63EAD97A /* libPods-ThinningCoordinator.a */,
			);
			name = Frameworks;
			sourceTree = "<group>";
		};
/* End PBXGroup section */

/* Begin PBXNativeTarget section */
		46997CA51C4FA8F600D30602 /* ThinningCoordinator */ = {
			isa = PBXNativeTarget;
			buildConfigurationList = 46997CBD1C4FA8F600D30602 /* Build configuration list for PBXNativeTarget "ThinningCoordinator" */;
			buildPhases = (
				D9FE15ED79CB7A8AF97082AF /* [CP] Check Pods Manifest.lock */,
				46997CA21C4FA8F600D30602 /* Sources */,
				46997CA31C4FA8F600D30602 /* Frameworks */,
				46997CA41C4FA8F600D30602 /* Resources */,
				0B31AB33D2871D2C121F9C4C /* [CP] Embed Pods Frameworks */,
				9ABCD003970D0FE1C2077EB4 /* [CP] Copy Pods Resources */,
			);
			buildRules = (
			);
			dependencies = (
			);
			name = ThinningCoordinator;
			productName = ThinningCoordinator;
			productReference = 46997CA61C4FA8F600D30602 /* ThinningCoordinator.app */;
			productType = "com.apple.product-type.application";
		};
/* End PBXNativeTarget section */

/* Begin PBXProject section */
		46997C9E1C4FA8F600D30602 /* Project object */ = {
			isa = PBXProject;
			attributes = {
				LastUpgradeCheck = 0720;
				ORGANIZATIONNAME = Moch;
				TargetAttributes = {
					46997CA51C4FA8F600D30602 = {
						CreatedOnToolsVersion = 7.2;
					};
				};
			};
			buildConfigurationList = 46997CA11C4FA8F600D30602 /* Build configuration list for PBXProject "ThinningCoordinator" */;
			compatibilityVersion = "Xcode 3.2";
			developmentRegion = English;
			hasScannedForEncodings = 0;
			knownRegions = (
				en,
				Base,
			);
			mainGroup = 46997C9D1C4FA8F600D30602;
			productRefGroup = 46997CA71C4FA8F600D30602 /* Products */;
			projectDirPath = "";
			projectRoot = "";
			targets = (
				46997CA51C4FA8F600D30602 /* ThinningCoordinator */,
			);
		};
/* End PBXProject section */

/* Begin PBXResourcesBuildPhase section */
		46997CA41C4FA8F600D30602 /* Resources */ = {
			isa = PBXResourcesBuildPhase;
			buildActionMask = 2147483647;
			files = (
				46997CB91C4FA8F600D30602 /* LaunchScreen.storyboard in Resources */,
				46997CB61C4FA8F600D30602 /* Assets.xcassets in Resources */,
				46997CB41C4FA8F600D30602 /* Main.storyboard in Resources */,
			);
			runOnlyForDeploymentPostprocessing = 0;
		};
/* End PBXResourcesBuildPhase section */

/* Begin PBXShellScriptBuildPhase section */
		0B31AB33D2871D2C121F9C4C /* [CP] Embed Pods Frameworks */ = {
			isa = PBXShellScriptBuildPhase;
			buildActionMask = 2147483647;
			files = (
			);
			inputPaths = (
			);
			name = "[CP] Embed Pods Frameworks";
			outputPaths = (
			);
			runOnlyForDeploymentPostprocessing = 0;
			shellPath = /bin/sh;
			shellScript = "\"${SRCROOT}/Pods/Target Support Files/Pods-ThinningCoordinator/Pods-ThinningCoordinator-frameworks.sh\"\n";
			showEnvVarsInLog = 0;
		};
		9ABCD003970D0FE1C2077EB4 /* [CP] Copy Pods Resources */ = {
			isa = PBXShellScriptBuildPhase;
			buildActionMask = 2147483647;
			files = (
			);
			inputPaths = (
			);
			name = "[CP] Copy Pods Resources";
			outputPaths = (
			);
			runOnlyForDeploymentPostprocessing = 0;
			shellPath = /bin/sh;
			shellScript = "\"${SRCROOT}/Pods/Target Support Files/Pods-ThinningCoordinator/Pods-ThinningCoordinator-resources.sh\"\n";
			showEnvVarsInLog = 0;
		};
		D9FE15ED79CB7A8AF97082AF /* [CP] Check Pods Manifest.lock */ = {
			isa = PBXShellScriptBuildPhase;
			buildActionMask = 2147483647;
			files = (
			);
			inputPaths = (
			);
			name = "[CP] Check Pods Manifest.lock";
			outputPaths = (
			);
			runOnlyForDeploymentPostprocessing = 0;
			shellPath = /bin/sh;
			shellScript = "diff \"${PODS_ROOT}/../Podfile.lock\" \"${PODS_ROOT}/Manifest.lock\" > /dev/null\nif [[ $? != 0 ]] ; then\n    cat << EOM\nerror: The sandbox is not in sync with the Podfile.lock. Run 'pod install' or update your CocoaPods installation.\nEOM\n    exit 1\nfi\n";
			showEnvVarsInLog = 0;
		};
/* End PBXShellScriptBuildPhase section */

/* Begin PBXSourcesBuildPhase section */
		46997CA21C4FA8F600D30602 /* Sources */ = {
			isa = PBXSourcesBuildPhase;
			buildActionMask = 2147483647;
			files = (
				46997CD31C4FA9A100D30602 /* TCGlobalDataMetric.m in Sources */,
				46997CB11C4FA8F600D30602 /* TableViewSampleViewController.m in Sources */,
				46997CD21C4FA9A100D30602 /* TCDelegate.m in Sources */,
				46F2E7BA1C50ADAF005D6CD6 /* NSObject+TCIdentifier.m in Sources */,
				46F2E7BD1C50B6B6005D6CD6 /* TCDefaultSupplementaryView.m in Sources */,
				46EF52E11C50FB4000E3117E /* CollectionViewHeaderFooterView.m in Sources */,
				46EF52E41C50FB4D00E3117E /* CollectionViewCell.m in Sources */,
				46F2E7AE1C50AAE8005D6CD6 /* CollectionViewSampleViewController.m in Sources */,
				46EF52E71C50FED800E3117E /* Text.m in Sources */,
				46997CAE1C4FA8F600D30602 /* AppDelegate.m in Sources */,
				4650F5071C50EFDB00A8AEDA /* TableViewHeaderFooterView.m in Sources */,
				46997CD41C4FA9A100D30602 /* TCHelper.m in Sources */,
				46EF52DB1C50FB1F00E3117E /* CollectionViewDataSource.m in Sources */,
				46F2E7B71C50AD0A005D6CD6 /* TableViewDelegate.m in Sources */,
				46EF52EA1C51116A00E3117E /* CollectionViewFlowLayout.m in Sources */,
				46F2E7B41C50ACF6005D6CD6 /* TableViewDataSource.m in Sources */,
				46997CAB1C4FA8F600D30602 /* main.m in Sources */,
				46EF52DE1C50FB2C00E3117E /* CollectionViewDelegate.m in Sources */,
				46997CD51C4FA9A100D30602 /* TCSectionDataMetric.m in Sources */,
				46997CD11C4FA9A100D30602 /* TCDataSource.m in Sources */,
				46F2E7B11C50ABC6005D6CD6 /* TableViewCell.m in Sources */,
				46F2E7A91C507B21005D6CD6 /* ResuableView+TCExtension.m in Sources */,
			);
			runOnlyForDeploymentPostprocessing = 0;
		};
/* End PBXSourcesBuildPhase section */

/* Begin PBXVariantGroup section */
		46997CB21C4FA8F600D30602 /* Main.storyboard */ = {
			isa = PBXVariantGroup;
			children = (
				46997CB31C4FA8F600D30602 /* Base */,
			);
			name = Main.storyboard;
			path = .;
			sourceTree = "<group>";
		};
		46997CB71C4FA8F600D30602 /* LaunchScreen.storyboard */ = {
			isa = PBXVariantGroup;
			children = (
				46997CB81C4FA8F600D30602 /* Base */,
			);
			name = LaunchScreen.storyboard;
			path = .;
			sourceTree = "<group>";
		};
/* End PBXVariantGroup section */

/* Begin XCBuildConfiguration section */
		46997CBB1C4FA8F600D30602 /* Debug */ = {
			isa = XCBuildConfiguration;
			buildSettings = {
				ALWAYS_SEARCH_USER_PATHS = NO;
				CLANG_CXX_LANGUAGE_STANDARD = "gnu++0x";
				CLANG_CXX_LIBRARY = "libc++";
				CLANG_ENABLE_MODULES = YES;
				CLANG_ENABLE_OBJC_ARC = YES;
				CLANG_WARN_BOOL_CONVERSION = YES;
				CLANG_WARN_CONSTANT_CONVERSION = YES;
				CLANG_WARN_DIRECT_OBJC_ISA_USAGE = YES_ERROR;
				CLANG_WARN_EMPTY_BODY = YES;
				CLANG_WARN_ENUM_CONVERSION = YES;
				CLANG_WARN_INT_CONVERSION = YES;
				CLANG_WARN_OBJC_ROOT_CLASS = YES_ERROR;
				CLANG_WARN_UNREACHABLE_CODE = YES;
				CLANG_WARN__DUPLICATE_METHOD_MATCH = YES;
				"CODE_SIGN_IDENTITY[sdk=iphoneos*]" = "iPhone Developer";
				COPY_PHASE_STRIP = NO;
				DEBUG_INFORMATION_FORMAT = dwarf;
				ENABLE_STRICT_OBJC_MSGSEND = YES;
				ENABLE_TESTABILITY = YES;
				GCC_C_LANGUAGE_STANDARD = gnu99;
				GCC_DYNAMIC_NO_PIC = NO;
				GCC_NO_COMMON_BLOCKS = YES;
				GCC_OPTIMIZATION_LEVEL = 0;
				GCC_PREPROCESSOR_DEFINITIONS = (
					"DEBUG=1",
					"$(inherited)",
				);
				GCC_WARN_64_TO_32_BIT_CONVERSION = YES;
				GCC_WARN_ABOUT_RETURN_TYPE = YES_ERROR;
				GCC_WARN_UNDECLARED_SELECTOR = YES;
				GCC_WARN_UNINITIALIZED_AUTOS = YES_AGGRESSIVE;
				GCC_WARN_UNUSED_FUNCTION = YES;
				GCC_WARN_UNUSED_VARIABLE = YES;
				IPHONEOS_DEPLOYMENT_TARGET = 7.0;
				MTL_ENABLE_DEBUG_INFO = YES;
				ONLY_ACTIVE_ARCH = YES;
				SDKROOT = iphoneos;
				TARGETED_DEVICE_FAMILY = "1,2";
			};
			name = Debug;
		};
		46997CBC1C4FA8F600D30602 /* Release */ = {
			isa = XCBuildConfiguration;
			buildSettings = {
				ALWAYS_SEARCH_USER_PATHS = NO;
				CLANG_CXX_LANGUAGE_STANDARD = "gnu++0x";
				CLANG_CXX_LIBRARY = "libc++";
				CLANG_ENABLE_MODULES = YES;
				CLANG_ENABLE_OBJC_ARC = YES;
				CLANG_WARN_BOOL_CONVERSION = YES;
				CLANG_WARN_CONSTANT_CONVERSION = YES;
				CLANG_WARN_DIRECT_OBJC_ISA_USAGE = YES_ERROR;
				CLANG_WARN_EMPTY_BODY = YES;
				CLANG_WARN_ENUM_CONVERSION = YES;
				CLANG_WARN_INT_CONVERSION = YES;
				CLANG_WARN_OBJC_ROOT_CLASS = YES_ERROR;
				CLANG_WARN_UNREACHABLE_CODE = YES;
				CLANG_WARN__DUPLICATE_METHOD_MATCH = YES;
				"CODE_SIGN_IDENTITY[sdk=iphoneos*]" = "iPhone Developer";
				COPY_PHASE_STRIP = NO;
				DEBUG_INFORMATION_FORMAT = "dwarf-with-dsym";
				ENABLE_NS_ASSERTIONS = NO;
				ENABLE_STRICT_OBJC_MSGSEND = YES;
				GCC_C_LANGUAGE_STANDARD = gnu99;
				GCC_NO_COMMON_BLOCKS = YES;
				GCC_WARN_64_TO_32_BIT_CONVERSION = YES;
				GCC_WARN_ABOUT_RETURN_TYPE = YES_ERROR;
				GCC_WARN_UNDECLARED_SELECTOR = YES;
				GCC_WARN_UNINITIALIZED_AUTOS = YES_AGGRESSIVE;
				GCC_WARN_UNUSED_FUNCTION = YES;
				GCC_WARN_UNUSED_VARIABLE = YES;
				IPHONEOS_DEPLOYMENT_TARGET = 7.0;
				MTL_ENABLE_DEBUG_INFO = NO;
				SDKROOT = iphoneos;
				TARGETED_DEVICE_FAMILY = "1,2";
				VALIDATE_PRODUCT = YES;
			};
			name = Release;
		};
		46997CBE1C4FA8F600D30602 /* Debug */ = {
			isa = XCBuildConfiguration;
			baseConfigurationReference = 31D0170246E3E7CDE396F687 /* Pods-ThinningCoordinator.debug.xcconfig */;
			buildSettings = {
				ASSETCATALOG_COMPILER_APPICON_NAME = AppIcon;
				ASSETCATALOG_COMPILER_LAUNCHIMAGE_NAME = "Brand Assets";
				INFOPLIST_FILE = ThinningCoordinator/Sample/Application/Info.plist;
				IPHONEOS_DEPLOYMENT_TARGET = 7.0;
				LD_RUNPATH_SEARCH_PATHS = "$(inherited) @executable_path/Frameworks";
				PRODUCT_BUNDLE_IDENTIFIER = com.foobar.ThinningCoordinator;
				PRODUCT_NAME = "$(TARGET_NAME)";
			};
			name = Debug;
		};
		46997CBF1C4FA8F600D30602 /* Release */ = {
			isa = XCBuildConfiguration;
			baseConfigurationReference = 43A175BC8BA456AB577100C9 /* Pods-ThinningCoordinator.release.xcconfig */;
			buildSettings = {
				ASSETCATALOG_COMPILER_APPICON_NAME = AppIcon;
				ASSETCATALOG_COMPILER_LAUNCHIMAGE_NAME = "Brand Assets";
				INFOPLIST_FILE = ThinningCoordinator/Sample/Application/Info.plist;
				IPHONEOS_DEPLOYMENT_TARGET = 7.0;
				LD_RUNPATH_SEARCH_PATHS = "$(inherited) @executable_path/Frameworks";
				PRODUCT_BUNDLE_IDENTIFIER = com.foobar.ThinningCoordinator;
				PRODUCT_NAME = "$(TARGET_NAME)";
			};
			name = Release;
		};
/* End XCBuildConfiguration section */

/* Begin XCConfigurationList section */
		46997CA11C4FA8F600D30602 /* Build configuration list for PBXProject "ThinningCoordinator" */ = {
			isa = XCConfigurationList;
			buildConfigurations = (
				46997CBB1C4FA8F600D30602 /* Debug */,
				46997CBC1C4FA8F600D30602 /* Release */,
			);
			defaultConfigurationIsVisible = 0;
			defaultConfigurationName = Release;
		};
		46997CBD1C4FA8F600D30602 /* Build configuration list for PBXNativeTarget "ThinningCoordinator" */ = {
			isa = XCConfigurationList;
			buildConfigurations = (
				46997CBE1C4FA8F600D30602 /* Debug */,
				46997CBF1C4FA8F600D30602 /* Release */,
			);
			defaultConfigurationIsVisible = 0;
			defaultConfigurationName = Release;
		};
/* End XCConfigurationList section */
	};
	rootObject = 46997C9E1C4FA8F600D30602 /* Project object */;
}
